
Microsoft Visual Studio Solution File, Format Version 12.00
# Visual Studio Version 17
VisualStudioVersion = 17.13.35507.96 d17.13
MinimumVisualStudioVersion = 10.0.40219.1
Project("{FAE04EC0-301F-11D3-BF4B-00C04F79EFBC}") = "LibraryDatabaseSystem", "LibraryDatabaseSystem\LibraryDatabaseSystem.csproj", "{38F7B5AC-4895-4A64-A072-028EDD5DEAB3}"
EndProject
Global
	GlobalSection(SolutionConfigurationPlatforms) = preSolution
		Debug|Any CPU = Debug|Any CPU
		Release|Any CPU = Release|Any CPU
	EndGlobalSection
	GlobalSection(ProjectConfigurationPlatforms) = postSolution
		{38F7B5AC-4895-4A64-A072-028EDD5DEAB3}.Debug|Any CPU.ActiveCfg = Debug|Any CPU
		{38F7B5AC-4895-4A64-A072-028EDD5DEAB3}.Debug|Any CPU.Build.0 = Debug|Any CPU
		{38F7B5AC-4895-4A64-A072-028EDD5DEAB3}.Release|Any CPU.ActiveCfg = Release|Any CPU
		{38F7B5AC-4895-4A64-A072-028EDD5DEAB3}.Release|Any CPU.Build.0 = Release|Any CPU
	EndGlobalSection
	GlobalSection(SolutionProperties) = preSolution
		HideSolutionNode = FALSE
	EndGlobalSection
	GlobalSection(ExtensibilityGlobals) = postSolution
		SolutionGuid = {F1513A82-8CD5-4263-A3D8-6309C36FA668}
	EndGlobalSection
EndGlobal
